
Microsoft Visual Studio Solution File, Format Version 12.00
# Visual Studio Version 16
VisualStudioVersion = 16.0.30621.155
MinimumVisualStudioVersion = 10.0.40219.1
Project("{FAE04EC0-301F-11D3-BF4B-00C04F79EFBC}") = "VehicleMagazine", "VehicleMagazine\VehicleMagazine.csproj", "{8793592A-DFFB-4339-BB33-E850FF5FBAB2}"
EndProject
Project("{FAE04EC0-301F-11D3-BF4B-00C04F79EFBC}") = "VehicleMagazine.Tests", "VehicleMagazine.Tests\VehicleMagazine.Tests.csproj", "{0CECB524-BC98-49BF-AEAB-BF79FE08CAFE}"
EndProject
Global
	GlobalSection(SolutionConfigurationPlatforms) = preSolution
		Debug|Any CPU = Debug|Any CPU
		Release|Any CPU = Release|Any CPU
	EndGlobalSection
	GlobalSection(ProjectConfigurationPlatforms) = postSolution
		{8793592A-DFFB-4339-BB33-E850FF5FBAB2}.Debug|Any CPU.ActiveCfg = Debug|Any CPU
		{8793592A-DFFB-4339-BB33-E850FF5FBAB2}.Debug|Any CPU.Build.0 = Debug|Any CPU
		{8793592A-DFFB-4339-BB33-E850FF5FBAB2}.Release|Any CPU.ActiveCfg = Release|Any CPU
		{8793592A-DFFB-4339-BB33-E850FF5FBAB2}.Release|Any CPU.Build.0 = Release|Any CPU
		{0CECB524-BC98-49BF-AEAB-BF79FE08CAFE}.Debug|Any CPU.ActiveCfg = Debug|Any CPU
		{0CECB524-BC98-49BF-AEAB-BF79FE08CAFE}.Debug|Any CPU.Build.0 = Debug|Any CPU
		{0CECB524-BC98-49BF-AEAB-BF79FE08CAFE}.Release|Any CPU.ActiveCfg = Release|Any CPU
		{0CECB524-BC98-49BF-AEAB-BF79FE08CAFE}.Release|Any CPU.Build.0 = Release|Any CPU
	EndGlobalSection
	GlobalSection(SolutionProperties) = preSolution
		HideSolutionNode = FALSE
	EndGlobalSection
	GlobalSection(ExtensibilityGlobals) = postSolution
		SolutionGuid = {A95DC216-B3D8-45BD-80F7-0E3D05B49099}
	EndGlobalSection
EndGlobal
